// !$*UTF8*$!
{
	archiveVersion = 1;
	classes = {
	};
	objectVersion = 55;
	objects = {

/* Begin PBXBuildFile section */
		4A59095D2875B435002DB731 /* AppDelegate.swift in Sources */ = {isa = PBXBuildFile; fileRef = 4A59095C2875B435002DB731 /* AppDelegate.swift */; };
		4A59095F2875B435002DB731 /* SceneDelegate.swift in Sources */ = {isa = PBXBuildFile; fileRef = 4A59095E2875B435002DB731 /* SceneDelegate.swift */; };
		4A5909612875B436002DB731 /* ViewController.swift in Sources */ = {isa = PBXBuildFile; fileRef = 4A5909602875B435002DB731 /* ViewController.swift */; };
		4A5909642875B436002DB731 /* Main.storyboard in Resources */ = {isa = PBXBuildFile; fileRef = 4A5909622875B436002DB731 /* Main.storyboard */; };
		4A5909662875B43C002DB731 /* Assets.xcassets in Resources */ = {isa = PBXBuildFile; fileRef = 4A5909652875B43C002DB731 /* Assets.xcassets */; };
		4A5909692875B43C002DB731 /* LaunchScreen.storyboard in Resources */ = {isa = PBXBuildFile; fileRef = 4A5909672875B43C002DB731 /* LaunchScreen.storyboard */; };
		4A5909742875B43C002DB731 /* DelegatePatternExampleTests.swift in Sources */ = {isa = PBXBuildFile; fileRef = 4A5909732875B43C002DB731 /* DelegatePatternExampleTests.swift */; };
		4A59097E2875B43D002DB731 /* DelegatePatternExampleUITests.swift in Sources */ = {isa = PBXBuildFile; fileRef = 4A59097D2875B43D002DB731 /* DelegatePatternExampleUITests.swift */; };
		4A5909802875B43D002DB731 /* DelegatePatternExampleUITestsLaunchTests.swift in Sources */ = {isa = PBXBuildFile; fileRef = 4A59097F2875B43D002DB731 /* DelegatePatternExampleUITestsLaunchTests.swift */; };
		4A59098D2875DC68002DB731 /* CommentsViewController.swift in Sources */ = {isa = PBXBuildFile; fileRef = 4A59098C2875DC68002DB731 /* CommentsViewController.swift */; };
		4A59098F2875E09B002DB731 /* UserComments.swift in Sources */ = {isa = PBXBuildFile; fileRef = 4A59098E2875E09B002DB731 /* UserComments.swift */; };
		4A5909912875E0CD002DB731 /* CommentDelegate.swift in Sources */ = {isa = PBXBuildFile; fileRef = 4A5909902875E0CD002DB731 /* CommentDelegate.swift */; };
/* End PBXBuildFile section */

/* Begin PBXContainerItemProxy section */
		4A5909702875B43C002DB731 /* PBXContainerItemProxy */ = {
			isa = PBXContainerItemProxy;
			containerPortal = 4A5909512875B435002DB731 /* Project object */;
			proxyType = 1;
			remoteGlobalIDString = 4A5909582875B435002DB731;
			remoteInfo = DelegatePatternExample;
		};
		4A59097A2875B43C002DB731 /* PBXContainerItemProxy */ = {
			isa = PBXContainerItemProxy;
			containerPortal = 4A5909512875B435002DB731 /* Project object */;
			proxyType = 1;
			remoteGlobalIDString = 4A5909582875B435002DB731;
			remoteInfo = DelegatePatternExample;
		};
/* End PBXContainerItemProxy section */

/* Begin PBXFileReference section */
		4A5909592875B435002DB731 /* DelegatePatternExample.app */ = {isa = PBXFileReference; explicitFileType = wrapper.application; includeInIndex = 0; path = DelegatePatternExample.app; sourceTree = BUILT_PRODUCTS_DIR; };
		4A59095C2875B435002DB731 /* AppDelegate.swift */ = {isa = PBXFileReference; lastKnownFileType = sourcecode.swift; path = AppDelegate.swift; sourceTree = "<group>"; };
		4A59095E2875B435002DB731 /* SceneDelegate.swift */ = {isa = PBXFileReference; lastKnownFileType = sourcecode.swift; path = SceneDelegate.swift; sourceTree = "<group>"; };
		4A5909602875B435002DB731 /* ViewController.swift */ = {isa = PBXFileReference; lastKnownFileType = sourcecode.swift; path = ViewController.swift; sourceTree = "<group>"; };
		4A5909632875B436002DB731 /* Base */ = {isa = PBXFileReference; lastKnownFileType = file.storyboard; name = Base; path = Base.lproj/Main.storyboard; sourceTree = "<group>"; };
		4A5909652875B43C002DB731 /* Assets.xcassets */ = {isa = PBXFileReference; lastKnownFileType = folder.assetcatalog; path = Assets.xcassets; sourceTree = "<group>"; };
		4A5909682875B43C002DB731 /* Base */ = {isa = PBXFileReference; lastKnownFileType = file.storyboard; name = Base; path = Base.lproj/LaunchScreen.storyboard; sourceTree = "<group>"; };
		4A59096A2875B43C002DB731 /* Info.plist */ = {isa = PBXFileReference; lastKnownFileType = text.plist.xml; path = Info.plist; sourceTree = "<group>"; };
		4A59096F2875B43C002DB731 /* DelegatePatternExampleTests.xctest */ = {isa = PBXFileReference; explicitFileType = wrapper.cfbundle; includeInIndex = 0; path = DelegatePatternExampleTests.xctest; sourceTree = BUILT_PRODUCTS_DIR; };
		4A5909732875B43C002DB731 /* DelegatePatternExampleTests.swift */ = {isa = PBXFileReference; lastKnownFileType = sourcecode.swift; path = DelegatePatternExampleTests.swift; sourceTree = "<group>"; };
		4A5909792875B43C002DB731 /* DelegatePatternExampleUITests.xctest */ = {isa = PBXFileReference; explicitFileType = wrapper.cfbundle; includeInIndex = 0; path = DelegatePatternExampleUITests.xctest; sourceTree = BUILT_PRODUCTS_DIR; };
		4A59097D2875B43D002DB731 /* DelegatePatternExampleUITests.swift */ = {isa = PBXFileReference; lastKnownFileType = sourcecode.swift; path = DelegatePatternExampleUITests.swift; sourceTree = "<group>"; };
		4A59097F2875B43D002DB731 /* DelegatePatternExampleUITestsLaunchTests.swift */ = {isa = PBXFileReference; lastKnownFileType = sourcecode.swift; path = DelegatePatternExampleUITestsLaunchTests.swift; sourceTree = "<group>"; };
		4A59098C2875DC68002DB731 /* CommentsViewController.swift */ = {isa = PBXFileReference; lastKnownFileType = sourcecode.swift; path = CommentsViewController.swift; sourceTree = "<group>"; };
		4A59098E2875E09B002DB731 /* UserComments.swift */ = {isa = PBXFileReference; lastKnownFileType = sourcecode.swift; path = UserComments.swift; sourceTree = "<group>"; };
		4A5909902875E0CD002DB731 /* CommentDelegate.swift */ = {isa = PBXFileReference; lastKnownFileType = sourcecode.swift; path = CommentDelegate.swift; sourceTree = "<group>"; };
/* End PBXFileReference section */

/* Begin PBXFrameworksBuildPhase section */
		4A5909562875B435002DB731 /* Frameworks */ = {
			isa = PBXFrameworksBuildPhase;
			buildActionMask = 2147483647;
			files = (
			);
			runOnlyForDeploymentPostprocessing = 0;
		};
		4A59096C2875B43C002DB731 /* Frameworks */ = {
			isa = PBXFrameworksBuildPhase;
			buildActionMask = 2147483647;
			files = (
			);
			runOnlyForDeploymentPostprocessing = 0;
		};
		4A5909762875B43C002DB731 /* Frameworks */ = {
			isa = PBXFrameworksBuildPhase;
			buildActionMask = 2147483647;
			files = (
			);
			runOnlyForDeploymentPostprocessing = 0;
		};
/* End PBXFrameworksBuildPhase section */

/* Begin PBXGroup section */
		4A5909502875B435002DB731 = {
			isa = PBXGroup;
			children = (
				4A59095B2875B435002DB731 /* DelegatePatternExample */,
				4A5909722875B43C002DB731 /* DelegatePatternExampleTests */,
				4A59097C2875B43C002DB731 /* DelegatePatternExampleUITests */,
				4A59095A2875B435002DB731 /* Products */,
			);
			sourceTree = "<group>";
		};
		4A59095A2875B435002DB731 /* Products */ = {
			isa = PBXGroup;
			children = (
				4A5909592875B435002DB731 /* DelegatePatternExample.app */,
				4A59096F2875B43C002DB731 /* DelegatePatternExampleTests.xctest */,
				4A5909792875B43C002DB731 /* DelegatePatternExampleUITests.xctest */,
			);
			name = Products;
			sourceTree = "<group>";
		};
		4A59095B2875B435002DB731 /* DelegatePatternExample */ = {
			isa = PBXGroup;
			children = (
				4A5909942875E8D8002DB731 /* ViewControllers */,
				4A5909932875E8B7002DB731 /* DataModel */,
				4A5909922875E8A3002DB731 /* Delegate */,
				4A59095C2875B435002DB731 /* AppDelegate.swift */,
				4A59095E2875B435002DB731 /* SceneDelegate.swift */,
				4A5909622875B436002DB731 /* Main.storyboard */,
				4A5909652875B43C002DB731 /* Assets.xcassets */,
				4A5909672875B43C002DB731 /* LaunchScreen.storyboard */,
				4A59096A2875B43C002DB731 /* Info.plist */,
			);
			path = DelegatePatternExample;
			sourceTree = "<group>";
		};
		4A5909722875B43C002DB731 /* DelegatePatternExampleTests */ = {
			isa = PBXGroup;
			children = (
				4A5909732875B43C002DB731 /* DelegatePatternExampleTests.swift */,
			);
			path = DelegatePatternExampleTests;
			sourceTree = "<group>";
		};
		4A59097C2875B43C002DB731 /* DelegatePatternExampleUITests */ = {
			isa = PBXGroup;
			children = (
				4A59097D2875B43D002DB731 /* DelegatePatternExampleUITests.swift */,
				4A59097F2875B43D002DB731 /* DelegatePatternExampleUITestsLaunchTests.swift */,
			);
			path = DelegatePatternExampleUITests;
			sourceTree = "<group>";
		};
		4A5909922875E8A3002DB731 /* Delegate */ = {
			isa = PBXGroup;
			children = (
				4A5909902875E0CD002DB731 /* CommentDelegate.swift */,
			);
			path = Delegate;
			sourceTree = "<group>";
		};
		4A5909932875E8B7002DB731 /* DataModel */ = {
			isa = PBXGroup;
			children = (
				4A59098E2875E09B002DB731 /* UserComments.swift */,
			);
			path = DataModel;
			sourceTree = "<group>";
		};
		4A5909942875E8D8002DB731 /* ViewControllers */ = {
			isa = PBXGroup;
			children = (
				4A5909602875B435002DB731 /* ViewController.swift */,
				4A59098C2875DC68002DB731 /* CommentsViewController.swift */,
			);
			path = ViewControllers;
			sourceTree = "<group>";
		};
/* End PBXGroup section */

/* Begin PBXNativeTarget section */
		4A5909582875B435002DB731 /* DelegatePatternExample */ = {
			isa = PBXNativeTarget;
			buildConfigurationList = 4A5909832875B43D002DB731 /* Build configuration list for PBXNativeTarget "DelegatePatternExample" */;
			buildPhases = (
				4A5909552875B435002DB731 /* Sources */,
				4A5909562875B435002DB731 /* Frameworks */,
				4A5909572875B435002DB731 /* Resources */,
			);
			buildRules = (
			);
			dependencies = (
			);
			name = DelegatePatternExample;
			productName = DelegatePatternExample;
			productReference = 4A5909592875B435002DB731 /* DelegatePatternExample.app */;
			productType = "com.apple.product-type.application";
		};
		4A59096E2875B43C002DB731 /* DelegatePatternExampleTests */ = {
			isa = PBXNativeTarget;
			buildConfigurationList = 4A5909862875B43D002DB731 /* Build configuration list for PBXNativeTarget "DelegatePatternExampleTests" */;
			buildPhases = (
				4A59096B2875B43C002DB731 /* Sources */,
				4A59096C2875B43C002DB731 /* Frameworks */,
				4A59096D2875B43C002DB731 /* Resources */,
			);
			buildRules = (
			);
			dependencies = (
				4A5909712875B43C002DB731 /* PBXTargetDependency */,
			);
			name = DelegatePatternExampleTests;
			productName = DelegatePatternExampleTests;
			productReference = 4A59096F2875B43C002DB731 /* DelegatePatternExampleTests.xctest */;
			productType = "com.apple.product-type.bundle.unit-test";
		};
		4A5909782875B43C002DB731 /* DelegatePatternExampleUITests */ = {
			isa = PBXNativeTarget;
			buildConfigurationList = 4A5909892875B43D002DB731 /* Build configuration list for PBXNativeTarget "DelegatePatternExampleUITests" */;
			buildPhases = (
				4A5909752875B43C002DB731 /* Sources */,
				4A5909762875B43C002DB731 /* Frameworks */,
				4A5909772875B43C002DB731 /* Resources */,
			);
			buildRules = (
			);
			dependencies = (
				4A59097B2875B43C002DB731 /* PBXTargetDependency */,
			);
			name = DelegatePatternExampleUITests;
			productName = DelegatePatternExampleUITests;
			productReference = 4A5909792875B43C002DB731 /* DelegatePatternExampleUITests.xctest */;
			productType = "com.apple.product-type.bundle.ui-testing";
		};
/* End PBXNativeTarget section */

/* Begin PBXProject section */
		4A5909512875B435002DB731 /* Project object */ = {
			isa = PBXProject;
			attributes = {
				BuildIndependentTargetsInParallel = 1;
				LastSwiftUpdateCheck = 1340;
				LastUpgradeCheck = 1340;
				TargetAttributes = {
					4A5909582875B435002DB731 = {
						CreatedOnToolsVersion = 13.4;
					};
					4A59096E2875B43C002DB731 = {
						CreatedOnToolsVersion = 13.4;
						TestTargetID = 4A5909582875B435002DB731;
					};
					4A5909782875B43C002DB731 = {
						CreatedOnToolsVersion = 13.4;
						TestTargetID = 4A5909582875B435002DB731;
					};
				};
			};
			buildConfigurationList = 4A5909542875B435002DB731 /* Build configuration list for PBXProject "DelegatePatternExample" */;
			compatibilityVersion = "Xcode 13.0";
			developmentRegion = en;
			hasScannedForEncodings = 0;
			knownRegions = (
				en,
				Base,
			);
			mainGroup = 4A5909502875B435002DB731;
			productRefGroup = 4A59095A2875B435002DB731 /* Products */;
			projectDirPath = "";
			projectRoot = "";
			targets = (
				4A5909582875B435002DB731 /* DelegatePatternExample */,
				4A59096E2875B43C002DB731 /* DelegatePatternExampleTests */,
				4A5909782875B43C002DB731 /* DelegatePatternExampleUITests */,
			);
		};
/* End PBXProject section */

/* Begin PBXResourcesBuildPhase section */
		4A5909572875B435002DB731 /* Resources */ = {
			isa = PBXResourcesBuildPhase;
			buildActionMask = 2147483647;
			files = (
				4A5909692875B43C002DB731 /* LaunchScreen.storyboard in Resources */,
				4A5909662875B43C002DB731 /* Assets.xcassets in Resources */,
				4A5909642875B436002DB731 /* Main.storyboard in Resources */,
			);
			runOnlyForDeploymentPostprocessing = 0;
		};
		4A59096D2875B43C002DB731 /* Resources */ = {
			isa = PBXResourcesBuildPhase;
			buildActionMask = 2147483647;
			files = (
			);
			runOnlyForDeploymentPostprocessing = 0;
		};
		4A5909772875B43C002DB731 /* Resources */ = {
			isa = PBXResourcesBuildPhase;
			buildActionMask = 2147483647;
			files = (
			);
			runOnlyForDeploymentPostprocessing = 0;
		};
/* End PBXResourcesBuildPhase section */

/* Begin PBXSourcesBuildPhase section */
		4A5909552875B435002DB731 /* Sources */ = {
			isa = PBXSourcesBuildPhase;
			buildActionMask = 2147483647;
			files = (
				4A5909912875E0CD002DB731 /* CommentDelegate.swift in Sources */,
				4A59098D2875DC68002DB731 /* CommentsViewController.swift in Sources */,
				4A5909612875B436002DB731 /* ViewController.swift in Sources */,
				4A59095D2875B435002DB731 /* AppDelegate.swift in Sources */,
				4A59095F2875B435002DB731 /* SceneDelegate.swift in Sources */,
				4A59098F2875E09B002DB731 /* UserComments.swift in Sources */,
			);
			runOnlyForDeploymentPostprocessing = 0;
		};
		4A59096B2875B43C002DB731 /* Sources */ = {
			isa = PBXSourcesBuildPhase;
			buildActionMask = 2147483647;
			files = (
				4A5909742875B43C002DB731 /* DelegatePatternExampleTests.swift in Sources */,
			);
			runOnlyForDeploymentPostprocessing = 0;
		};
		4A5909752875B43C002DB731 /* Sources */ = {
			isa = PBXSourcesBuildPhase;
			buildActionMask = 2147483647;
			files = (
				4A59097E2875B43D002DB731 /* DelegatePatternExampleUITests.swift in Sources */,
				4A5909802875B43D002DB731 /* DelegatePatternExampleUITestsLaunchTests.swift in Sources */,
			);
			runOnlyForDeploymentPostprocessing = 0;
		};
/* End PBXSourcesBuildPhase section */

/* Begin PBXTargetDependency section */
		4A5909712875B43C002DB731 /* PBXTargetDependency */ = {
			isa = PBXTargetDependency;
			target = 4A5909582875B435002DB731 /* DelegatePatternExample */;
			targetProxy = 4A5909702875B43C002DB731 /* PBXContainerItemProxy */;
		};
		4A59097B2875B43C002DB731 /* PBXTargetDependency */ = {
			isa = PBXTargetDependency;
			target = 4A5909582875B435002DB731 /* DelegatePatternExample */;
			targetProxy = 4A59097A2875B43C002DB731 /* PBXContainerItemProxy */;
		};
/* End PBXTargetDependency section */

/* Begin PBXVariantGroup section */
		4A5909622875B436002DB731 /* Main.storyboard */ = {
			isa = PBXVariantGroup;
			children = (
				4A5909632875B436002DB731 /* Base */,
			);
			name = Main.storyboard;
			sourceTree = "<group>";
		};
		4A5909672875B43C002DB731 /* LaunchScreen.storyboard */ = {
			isa = PBXVariantGroup;
			children = (
				4A5909682875B43C002DB731 /* Base */,
			);
			name = LaunchScreen.storyboard;
			sourceTree = "<group>";
		};
/* End PBXVariantGroup section */

/* Begin XCBuildConfiguration section */
		4A5909812875B43D002DB731 /* Debug */ = {
			isa = XCBuildConfiguration;
			buildSettings = {
				ALWAYS_SEARCH_USER_PATHS = NO;
				CLANG_ANALYZER_NONNULL = YES;
				CLANG_ANALYZER_NUMBER_OBJECT_CONVERSION = YES_AGGRESSIVE;
				CLANG_CXX_LANGUAGE_STANDARD = "gnu++17";
				CLANG_ENABLE_MODULES = YES;
				CLANG_ENABLE_OBJC_ARC = YES;
				CLANG_ENABLE_OBJC_WEAK = YES;
				CLANG_WARN_BLOCK_CAPTURE_AUTORELEASING = YES;
				CLANG_WARN_BOOL_CONVERSION = YES;
				CLANG_WARN_COMMA = YES;
				CLANG_WARN_CONSTANT_CONVERSION = YES;
				CLANG_WARN_DEPRECATED_OBJC_IMPLEMENTATIONS = YES;
				CLANG_WARN_DIRECT_OBJC_ISA_USAGE = YES_ERROR;
				CLANG_WARN_DOCUMENTATION_COMMENTS = YES;
				CLANG_WARN_EMPTY_BODY = YES;
				CLANG_WARN_ENUM_CONVERSION = YES;
				CLANG_WARN_INFINITE_RECURSION = YES;
				CLANG_WARN_INT_CONVERSION = YES;
				CLANG_WARN_NON_LITERAL_NULL_CONVERSION = YES;
				CLANG_WARN_OBJC_IMPLICIT_RETAIN_SELF = YES;
				CLANG_WARN_OBJC_LITERAL_CONVERSION = YES;
				CLANG_WARN_OBJC_ROOT_CLASS = YES_ERROR;
				CLANG_WARN_QUOTED_INCLUDE_IN_FRAMEWORK_HEADER = YES;
				CLANG_WARN_RANGE_LOOP_ANALYSIS = YES;
				CLANG_WARN_STRICT_PROTOTYPES = YES;
				CLANG_WARN_SUSPICIOUS_MOVE = YES;
				CLANG_WARN_UNGUARDED_AVAILABILITY = YES_AGGRESSIVE;
				CLANG_WARN_UNREACHABLE_CODE = YES;
				CLANG_WARN__DUPLICATE_METHOD_MATCH = YES;
				COPY_PHASE_STRIP = NO;
				DEBUG_INFORMATION_FORMAT = dwarf;
				ENABLE_STRICT_OBJC_MSGSEND = YES;
				ENABLE_TESTABILITY = YES;
				GCC_C_LANGUAGE_STANDARD = gnu11;
				GCC_DYNAMIC_NO_PIC = NO;
				GCC_NO_COMMON_BLOCKS = YES;
				GCC_OPTIMIZATION_LEVEL = 0;
				GCC_PREPROCESSOR_DEFINITIONS = (
					"DEBUG=1",
					"$(inherited)",
				);
				GCC_WARN_64_TO_32_BIT_CONVERSION = YES;
				GCC_WARN_ABOUT_RETURN_TYPE = YES_ERROR;
				GCC_WARN_UNDECLARED_SELECTOR = YES;
				GCC_WARN_UNINITIALIZED_AUTOS = YES_AGGRESSIVE;
				GCC_WARN_UNUSED_FUNCTION = YES;
				GCC_WARN_UNUSED_VARIABLE = YES;
				IPHONEOS_DEPLOYMENT_TARGET = 15.5;
				MTL_ENABLE_DEBUG_INFO = INCLUDE_SOURCE;
				MTL_FAST_MATH = YES;
				ONLY_ACTIVE_ARCH = YES;
				SDKROOT = iphoneos;
				SWIFT_ACTIVE_COMPILATION_CONDITIONS = DEBUG;
				SWIFT_OPTIMIZATION_LEVEL = "-Onone";
			};
			name = Debug;
		};
		4A5909822875B43D002DB731 /* Release */ = {
			isa = XCBuildConfiguration;
			buildSettings = {
				ALWAYS_SEARCH_USER_PATHS = NO;
				CLANG_ANALYZER_NONNULL = YES;
				CLANG_ANALYZER_NUMBER_OBJECT_CONVERSION = YES_AGGRESSIVE;
				CLANG_CXX_LANGUAGE_STANDARD = "gnu++17";
				CLANG_ENABLE_MODULES = YES;
				CLANG_ENABLE_OBJC_ARC = YES;
				CLANG_ENABLE_OBJC_WEAK = YES;
				CLANG_WARN_BLOCK_CAPTURE_AUTORELEASING = YES;
				CLANG_WARN_BOOL_CONVERSION = YES;
				CLANG_WARN_COMMA = YES;
				CLANG_WARN_CONSTANT_CONVERSION = YES;
				CLANG_WARN_DEPRECATED_OBJC_IMPLEMENTATIONS = YES;
				CLANG_WARN_DIRECT_OBJC_ISA_USAGE = YES_ERROR;
				CLANG_WARN_DOCUMENTATION_COMMENTS = YES;
				CLANG_WARN_EMPTY_BODY = YES;
				CLANG_WARN_ENUM_CONVERSION = YES;
				CLANG_WARN_INFINITE_RECURSION = YES;
				CLANG_WARN_INT_CONVERSION = YES;
				CLANG_WARN_NON_LITERAL_NULL_CONVERSION = YES;
				CLANG_WARN_OBJC_IMPLICIT_RETAIN_SELF = YES;
				CLANG_WARN_OBJC_LITERAL_CONVERSION = YES;
				CLANG_WARN_OBJC_ROOT_CLASS = YES_ERROR;
				CLANG_WARN_QUOTED_INCLUDE_IN_FRAMEWORK_HEADER = YES;
				CLANG_WARN_RANGE_LOOP_ANALYSIS = YES;
				CLANG_WARN_STRICT_PROTOTYPES = YES;
				CLANG_WARN_SUSPICIOUS_MOVE = YES;
				CLANG_WARN_UNGUARDED_AVAILABILITY = YES_AGGRESSIVE;
				CLANG_WARN_UNREACHABLE_CODE = YES;
				CLANG_WARN__DUPLICATE_METHOD_MATCH = YES;
				COPY_PHASE_STRIP = NO;
				DEBUG_INFORMATION_FORMAT = "dwarf-with-dsym";
				ENABLE_NS_ASSERTIONS = NO;
				ENABLE_STRICT_OBJC_MSGSEND = YES;
				GCC_C_LANGUAGE_STANDARD = gnu11;
				GCC_NO_COMMON_BLOCKS = YES;
				GCC_WARN_64_TO_32_BIT_CONVERSION = YES;
				GCC_WARN_ABOUT_RETURN_TYPE = YES_ERROR;
				GCC_WARN_UNDECLARED_SELECTOR = YES;
				GCC_WARN_UNINITIALIZED_AUTOS = YES_AGGRESSIVE;
				GCC_WARN_UNUSED_FUNCTION = YES;
				GCC_WARN_UNUSED_VARIABLE = YES;
				IPHONEOS_DEPLOYMENT_TARGET = 15.5;
				MTL_ENABLE_DEBUG_INFO = NO;
				MTL_FAST_MATH = YES;
				SDKROOT = iphoneos;
				SWIFT_COMPILATION_MODE = wholemodule;
				SWIFT_OPTIMIZATION_LEVEL = "-O";
				VALIDATE_PRODUCT = YES;
			};
			name = Release;
		};
		4A5909842875B43D002DB731 /* Debug */ = {
			isa = XCBuildConfiguration;
			buildSettings = {
				ASSETCATALOG_COMPILER_APPICON_NAME = AppIcon;
				ASSETCATALOG_COMPILER_GLOBAL_ACCENT_COLOR_NAME = AccentColor;
				CODE_SIGN_STYLE = Automatic;
				CURRENT_PROJECT_VERSION = 1;
				GENERATE_INFOPLIST_FILE = YES;
				INFOPLIST_FILE = DelegatePatternExample/Info.plist;
				INFOPLIST_KEY_UIApplicationSupportsIndirectInputEvents = YES;
				INFOPLIST_KEY_UILaunchStoryboardName = LaunchScreen;
				INFOPLIST_KEY_UIMainStoryboardFile = Main;
				INFOPLIST_KEY_UISupportedInterfaceOrientations_iPad = "UIInterfaceOrientationPortrait UIInterfaceOrientationPortraitUpsideDown UIInterfaceOrientationLandscapeLeft UIInterfaceOrientationLandscapeRight";
				INFOPLIST_KEY_UISupportedInterfaceOrientations_iPhone = "UIInterfaceOrientationPortrait UIInterfaceOrientationLandscapeLeft UIInterfaceOrientationLandscapeRight";
				LD_RUNPATH_SEARCH_PATHS = (
					"$(inherited)",
					"@executable_path/Frameworks",
				);
				MARKETING_VERSION = 1.0;
				PRODUCT_BUNDLE_IDENTIFIER = com.sachindaingade.DelegatePatternExample;
				PRODUCT_NAME = "$(TARGET_NAME)";
				SWIFT_EMIT_LOC_STRINGS = YES;
				SWIFT_VERSION = 5.0;
				TARGETED_DEVICE_FAMILY = "1,2";
			};
			name = Debug;
		};
		4A5909852875B43D002DB731 /* Release */ = {
			isa = XCBuildConfiguration;
			buildSettings = {
				ASSETCATALOG_COMPILER_APPICON_NAME = AppIcon;
				ASSETCATALOG_COMPILER_GLOBAL_ACCENT_COLOR_NAME = AccentColor;
				CODE_SIGN_STYLE = Automatic;
				CURRENT_PROJECT_VERSION = 1;
				GENERATE_INFOPLIST_FILE = YES;
				INFOPLIST_FILE = DelegatePatternExample/Info.plist;
				INFOPLIST_KEY_UIApplicationSupportsIndirectInputEvents = YES;
				INFOPLIST_KEY_UILaunchStoryboardName = LaunchScreen;
				INFOPLIST_KEY_UIMainStoryboardFile = Main;
				INFOPLIST_KEY_UISupportedInterfaceOrientations_iPad = "UIInterfaceOrientationPortrait UIInterfaceOrientationPortraitUpsideDown UIInterfaceOrientationLandscapeLeft UIInterfaceOrientationLandscapeRight";
				INFOPLIST_KEY_UISupportedInterfaceOrientations_iPhone = "UIInterfaceOrientationPortrait UIInterfaceOrientationLandscapeLeft UIInterfaceOrientationLandscapeRight";
				LD_RUNPATH_SEARCH_PATHS = (
					"$(inherited)",
					"@executable_path/Frameworks",
				);
				MARKETING_VERSION = 1.0;
				PRODUCT_BUNDLE_IDENTIFIER = com.sachindaingade.DelegatePatternExample;
				PRODUCT_NAME = "$(TARGET_NAME)";
				SWIFT_EMIT_LOC_STRINGS = YES;
				SWIFT_VERSION = 5.0;
				TARGETED_DEVICE_FAMILY = "1,2";
			};
			name = Release;
		};
		4A5909872875B43D002DB731 /* Debug */ = {
			isa = XCBuildConfiguration;
			buildSettings = {
				ALWAYS_EMBED_SWIFT_STANDARD_LIBRARIES = YES;
				BUNDLE_LOADER = "$(TEST_HOST)";
				CODE_SIGN_STYLE = Automatic;
				CURRENT_PROJECT_VERSION = 1;
				GENERATE_INFOPLIST_FILE = YES;
				IPHONEOS_DEPLOYMENT_TARGET = 15.5;
				MARKETING_VERSION = 1.0;
				PRODUCT_BUNDLE_IDENTIFIER = com.sachindaingade.DelegatePatternExampleTests;
				PRODUCT_NAME = "$(TARGET_NAME)";
				SWIFT_EMIT_LOC_STRINGS = NO;
				SWIFT_VERSION = 5.0;
				TARGETED_DEVICE_FAMILY = "1,2";
				TEST_HOST = "$(BUILT_PRODUCTS_DIR)/DelegatePatternExample.app/DelegatePatternExample";
			};
			name = Debug;
		};
		4A5909882875B43D002DB731 /* Release */ = {
			isa = XCBuildConfiguration;
			buildSettings = {
				ALWAYS_EMBED_SWIFT_STANDARD_LIBRARIES = YES;
				BUNDLE_LOADER = "$(TEST_HOST)";
				CODE_SIGN_STYLE = Automatic;
				CURRENT_PROJECT_VERSION = 1;
				GENERATE_INFOPLIST_FILE = YES;
				IPHONEOS_DEPLOYMENT_TARGET = 15.5;
				MARKETING_VERSION = 1.0;
				PRODUCT_BUNDLE_IDENTIFIER = com.sachindaingade.DelegatePatternExampleTests;
				PRODUCT_NAME = "$(TARGET_NAME)";
				SWIFT_EMIT_LOC_STRINGS = NO;
				SWIFT_VERSION = 5.0;
				TARGETED_DEVICE_FAMILY = "1,2";
				TEST_HOST = "$(BUILT_PRODUCTS_DIR)/DelegatePatternExample.app/DelegatePatternExample";
			};
			name = Release;
		};
		4A59098A2875B43D002DB731 /* Debug */ = {
			isa = XCBuildConfiguration;
			buildSettings = {
				ALWAYS_EMBED_SWIFT_STANDARD_LIBRARIES = YES;
				CODE_SIGN_STYLE = Automatic;
				CURRENT_PROJECT_VERSION = 1;
				GENERATE_INFOPLIST_FILE = YES;
				MARKETING_VERSION = 1.0;
				PRODUCT_BUNDLE_IDENTIFIER = com.sachindaingade.DelegatePatternExampleUITests;
				PRODUCT_NAME = "$(TARGET_NAME)";
				SWIFT_EMIT_LOC_STRINGS = NO;
				SWIFT_VERSION = 5.0;
				TARGETED_DEVICE_FAMILY = "1,2";
				TEST_TARGET_NAME = DelegatePatternExample;
			};
			name = Debug;
		};
		4A59098B2875B43D002DB731 /* Release */ = {
			isa = XCBuildConfiguration;
			buildSettings = {
				ALWAYS_EMBED_SWIFT_STANDARD_LIBRARIES = YES;
				CODE_SIGN_STYLE = Automatic;
				CURRENT_PROJECT_VERSION = 1;
				GENERATE_INFOPLIST_FILE = YES;
				MARKETING_VERSION = 1.0;
				PRODUCT_BUNDLE_IDENTIFIER = com.sachindaingade.DelegatePatternExampleUITests;
				PRODUCT_NAME = "$(TARGET_NAME)";
				SWIFT_EMIT_LOC_STRINGS = NO;
				SWIFT_VERSION = 5.0;
				TARGETED_DEVICE_FAMILY = "1,2";
				TEST_TARGET_NAME = DelegatePatternExample;
			};
			name = Release;
		};
/* End XCBuildConfiguration section */

/* Begin XCConfigurationList section */
		4A5909542875B435002DB731 /* Build configuration list for PBXProject "DelegatePatternExample" */ = {
			isa = XCConfigurationList;
			buildConfigurations = (
				4A5909812875B43D002DB731 /* Debug */,
				4A5909822875B43D002DB731 /* Release */,
			);
			defaultConfigurationIsVisible = 0;
			defaultConfigurationName = Release;
		};
		4A5909832875B43D002DB731 /* Build configuration list for PBXNativeTarget "DelegatePatternExample" */ = {
			isa = XCConfigurationList;
			buildConfigurations = (
				4A5909842875B43D002DB731 /* Debug */,
				4A5909852875B43D002DB731 /* Release */,
			);
			defaultConfigurationIsVisible = 0;
			defaultConfigurationName = Release;
		};
		4A5909862875B43D002DB731 /* Build configuration list for PBXNativeTarget "DelegatePatternExampleTests" */ = {
			isa = XCConfigurationList;
			buildConfigurations = (
				4A5909872875B43D002DB731 /* Debug */,
				4A5909882875B43D002DB731 /* Release */,
			);
			defaultConfigurationIsVisible = 0;
			defaultConfigurationName = Release;
		};
		4A5909892875B43D002DB731 /* Build configuration list for PBXNativeTarget "DelegatePatternExampleUITests" */ = {
			isa = XCConfigurationList;
			buildConfigurations = (
				4A59098A2875B43D002DB731 /* Debug */,
				4A59098B2875B43D002DB731 /* Release */,
			);
			defaultConfigurationIsVisible = 0;
			defaultConfigurationName = Release;
		};
/* End XCConfigurationList section */
	};
	rootObject = 4A5909512875B435002DB731 /* Project object */;
}
